
Microsoft Visual Studio Solution File, Format Version 12.00
# Visual Studio 14
VisualStudioVersion = 14.0.23107.0
MinimumVisualStudioVersion = 10.0.40219.1
Project("{FAE04EC0-301F-11D3-BF4B-00C04F79EFBC}") = "SnakeWars.SampleBot", "SnakeWars.SampleBot.csproj", "{1E07EC51-5018-4A8E-9A44-42505B7C9EE1}"
EndProject
Global
	GlobalSection(SolutionConfigurationPlatforms) = preSolution
		Debug|Any CPU = Debug|Any CPU
		Release|Any CPU = Release|Any CPU
	EndGlobalSection
	GlobalSection(ProjectConfigurationPlatforms) = postSolution
		{1E07EC51-5018-4A8E-9A44-42505B7C9EE1}.Debug|Any CPU.ActiveCfg = Debug|Any CPU
		{1E07EC51-5018-4A8E-9A44-42505B7C9EE1}.Debug|Any CPU.Build.0 = Debug|Any CPU
		{1E07EC51-5018-4A8E-9A44-42505B7C9EE1}.Release|Any CPU.ActiveCfg = Release|Any CPU
		{1E07EC51-5018-4A8E-9A44-42505B7C9EE1}.Release|Any CPU.Build.0 = Release|Any CPU
	EndGlobalSection
	GlobalSection(SolutionProperties) = preSolution
		HideSolutionNode = FALSE
	EndGlobalSection
EndGlobal
